
Microsoft Visual Studio Solution File, Format Version 12.00
# Visual Studio 15
VisualStudioVersion = 15.0.27428.2037
MinimumVisualStudioVersion = 10.0.40219.1
Project("{9A19103F-16F7-4668-BE54-9A1E7A4F7556}") = "PH.Site.WebAPI", "PH.Site.WebAPI\PH.Site.WebAPI.csproj", "{7028A73A-0ED1-4C48-A877-2CDA7BBEEA47}"
EndProject
Project("{9A19103F-16F7-4668-BE54-9A1E7A4F7556}") = "PH.Site.DTO", "PH.Site.DTO\PH.Site.DTO.csproj", "{980635B2-E45F-4A5B-B531-41642A75D1F3}"
EndProject
Project("{2150E333-8FDC-42A3-9474-1A3956D46DE8}") = "2-Application", "2-Application", "{20A12F97-CD23-4F1C-8DCE-C49FBD510B8B}"
EndProject
Project("{2150E333-8FDC-42A3-9474-1A3956D46DE8}") = "3-Domain", "3-Domain", "{5D19FDAD-F46E-45F2-88B8-0DD23CABBD13}"
EndProject
Project("{2150E333-8FDC-42A3-9474-1A3956D46DE8}") = "4-Infrastructure", "4-Infrastructure", "{1066D85F-AF65-4A18-92EE-79EECDAF9608}"
EndProject
Project("{FAE04EC0-301F-11D3-BF4B-00C04F79EFBC}") = "PH.Site.Model", "PH.Site.Model\PH.Site.Model.csproj", "{0940FC2F-4EDB-4E26-91BA-8193BB3BBC97}"
EndProject
Project("{FAE04EC0-301F-11D3-BF4B-00C04F79EFBC}") = "PH.Site.IRepository", "PH.Site.IRepository\PH.Site.IRepository.csproj", "{5F5F9001-AB5D-4B07-A41C-9319DDFE5B36}"
EndProject
Project("{FAE04EC0-301F-11D3-BF4B-00C04F79EFBC}") = "PH.Site.Repository", "PH.Site.Repository\PH.Site.Repository.csproj", "{3FDCCAB0-EF10-48EB-9932-1E7C55CE5542}"
EndProject
Project("{FAE04EC0-301F-11D3-BF4B-00C04F79EFBC}") = "PH.Site.Utility", "PH.Site.Utility\PH.Site.Utility.csproj", "{9750685E-2703-4FAB-97AE-C1250BE2D8A5}"
EndProject
Project("{2150E333-8FDC-42A3-9474-1A3956D46DE8}") = "1-UI", "1-UI", "{BFD79712-CBEF-4CFF-81B3-8BD8513B1988}"
EndProject
Project("{FAE04EC0-301F-11D3-BF4B-00C04F79EFBC}") = "PH.Site.Infrastructure", "PH.Site.Infrastructure\PH.Site.Infrastructure.csproj", "{7E42778E-EB85-472E-B371-0839976AE0EF}"
EndProject
Global
	GlobalSection(SolutionConfigurationPlatforms) = preSolution
		Debug|Any CPU = Debug|Any CPU
		Release|Any CPU = Release|Any CPU
	EndGlobalSection
	GlobalSection(ProjectConfigurationPlatforms) = postSolution
		{7028A73A-0ED1-4C48-A877-2CDA7BBEEA47}.Debug|Any CPU.ActiveCfg = Debug|Any CPU
		{7028A73A-0ED1-4C48-A877-2CDA7BBEEA47}.Debug|Any CPU.Build.0 = Debug|Any CPU
		{7028A73A-0ED1-4C48-A877-2CDA7BBEEA47}.Release|Any CPU.ActiveCfg = Release|Any CPU
		{7028A73A-0ED1-4C48-A877-2CDA7BBEEA47}.Release|Any CPU.Build.0 = Release|Any CPU
		{980635B2-E45F-4A5B-B531-41642A75D1F3}.Debug|Any CPU.ActiveCfg = Debug|Any CPU
		{980635B2-E45F-4A5B-B531-41642A75D1F3}.Debug|Any CPU.Build.0 = Debug|Any CPU
		{980635B2-E45F-4A5B-B531-41642A75D1F3}.Release|Any CPU.ActiveCfg = Release|Any CPU
		{980635B2-E45F-4A5B-B531-41642A75D1F3}.Release|Any CPU.Build.0 = Release|Any CPU
		{0940FC2F-4EDB-4E26-91BA-8193BB3BBC97}.Debug|Any CPU.ActiveCfg = Debug|Any CPU
		{0940FC2F-4EDB-4E26-91BA-8193BB3BBC97}.Debug|Any CPU.Build.0 = Debug|Any CPU
		{0940FC2F-4EDB-4E26-91BA-8193BB3BBC97}.Release|Any CPU.ActiveCfg = Release|Any CPU
		{0940FC2F-4EDB-4E26-91BA-8193BB3BBC97}.Release|Any CPU.Build.0 = Release|Any CPU
		{5F5F9001-AB5D-4B07-A41C-9319DDFE5B36}.Debug|Any CPU.ActiveCfg = Debug|Any CPU
		{5F5F9001-AB5D-4B07-A41C-9319DDFE5B36}.Debug|Any CPU.Build.0 = Debug|Any CPU
		{5F5F9001-AB5D-4B07-A41C-9319DDFE5B36}.Release|Any CPU.ActiveCfg = Release|Any CPU
		{5F5F9001-AB5D-4B07-A41C-9319DDFE5B36}.Release|Any CPU.Build.0 = Release|Any CPU
		{3FDCCAB0-EF10-48EB-9932-1E7C55CE5542}.Debug|Any CPU.ActiveCfg = Debug|Any CPU
		{3FDCCAB0-EF10-48EB-9932-1E7C55CE5542}.Debug|Any CPU.Build.0 = Debug|Any CPU
		{3FDCCAB0-EF10-48EB-9932-1E7C55CE5542}.Release|Any CPU.ActiveCfg = Release|Any CPU
		{3FDCCAB0-EF10-48EB-9932-1E7C55CE5542}.Release|Any CPU.Build.0 = Release|Any CPU
		{9750685E-2703-4FAB-97AE-C1250BE2D8A5}.Debug|Any CPU.ActiveCfg = Debug|Any CPU
		{9750685E-2703-4FAB-97AE-C1250BE2D8A5}.Debug|Any CPU.Build.0 = Debug|Any CPU
		{9750685E-2703-4FAB-97AE-C1250BE2D8A5}.Release|Any CPU.ActiveCfg = Release|Any CPU
		{9750685E-2703-4FAB-97AE-C1250BE2D8A5}.Release|Any CPU.Build.0 = Release|Any CPU
		{7E42778E-EB85-472E-B371-0839976AE0EF}.Debug|Any CPU.ActiveCfg = Debug|Any CPU
		{7E42778E-EB85-472E-B371-0839976AE0EF}.Debug|Any CPU.Build.0 = Debug|Any CPU
		{7E42778E-EB85-472E-B371-0839976AE0EF}.Release|Any CPU.ActiveCfg = Release|Any CPU
		{7E42778E-EB85-472E-B371-0839976AE0EF}.Release|Any CPU.Build.0 = Release|Any CPU
	EndGlobalSection
	GlobalSection(SolutionProperties) = preSolution
		HideSolutionNode = FALSE
	EndGlobalSection
	GlobalSection(NestedProjects) = preSolution
		{7028A73A-0ED1-4C48-A877-2CDA7BBEEA47} = {20A12F97-CD23-4F1C-8DCE-C49FBD510B8B}
		{980635B2-E45F-4A5B-B531-41642A75D1F3} = {1066D85F-AF65-4A18-92EE-79EECDAF9608}
		{0940FC2F-4EDB-4E26-91BA-8193BB3BBC97} = {1066D85F-AF65-4A18-92EE-79EECDAF9608}
		{5F5F9001-AB5D-4B07-A41C-9319DDFE5B36} = {5D19FDAD-F46E-45F2-88B8-0DD23CABBD13}
		{3FDCCAB0-EF10-48EB-9932-1E7C55CE5542} = {5D19FDAD-F46E-45F2-88B8-0DD23CABBD13}
		{9750685E-2703-4FAB-97AE-C1250BE2D8A5} = {1066D85F-AF65-4A18-92EE-79EECDAF9608}
		{7E42778E-EB85-472E-B371-0839976AE0EF} = {1066D85F-AF65-4A18-92EE-79EECDAF9608}
	EndGlobalSection
	GlobalSection(ExtensibilityGlobals) = postSolution
		SolutionGuid = {4BB98078-E4C2-483B-814B-A3C676AB6C32}
	EndGlobalSection
EndGlobal
